
Microsoft Visual Studio Solution File, Format Version 12.00
# Visual Studio Version 17
VisualStudioVersion = 17.10.34928.147
MinimumVisualStudioVersion = 10.0.40219.1
Project("{8BC9CEB8-8B4A-11D0-8D11-00A0C91BC942}") = "Lab 3", "DSA\DSA.vcxproj", "{D2BB2E17-4A7E-4549-AD92-2988E7F93264}"
EndProject
Project("{8BC9CEB8-8B4A-11D0-8D11-00A0C91BC942}") = "Lab 4", "Lab 5\Lab 5.vcxproj", "{B6E2BE87-6E59-4C14-A623-1B82244D6603}"
EndProject
Project("{8BC9CEB8-8B4A-11D0-8D11-00A0C91BC942}") = "Lab 5", "Lab 6\Lab 6.vcxproj", "{2E712B60-F9D6-41B6-978D-B22D0A484EE8}"
EndProject
Project("{8BC9CEB8-8B4A-11D0-8D11-00A0C91BC942}") = "Lab 1", "Lab 1\Lab 1.vcxproj", "{64271D30-A916-4508-A69C-A1FD1698E005}"
EndProject
Project("{8BC9CEB8-8B4A-11D0-8D11-00A0C91BC942}") = "Lab 2", "Lab 2\Lab 2.vcxproj", "{0267E9CC-4AD8-458C-995A-696DDEA78928}"
EndProject
Project("{8BC9CEB8-8B4A-11D0-8D11-00A0C91BC942}") = "Lab Mid", "Lab Mid\Lab Mid.vcxproj", "{F8E2D55F-0AC3-4A2D-869B-D086BD0194DE}"
EndProject
Project("{8BC9CEB8-8B4A-11D0-8D11-00A0C91BC942}") = "Assignment 2", "Assignment 2\Assignment 2.vcxproj", "{91B77D78-C0D0-4431-8386-9DDCFCEADF30}"
EndProject
Project("{8BC9CEB8-8B4A-11D0-8D11-00A0C91BC942}") = "Lab 8", "Lab 8\Lab 8.vcxproj", "{55A6E31C-E7C6-411A-8C1F-A253F31114DA}"
EndProject
Project("{8BC9CEB8-8B4A-11D0-8D11-00A0C91BC942}") = "Lab 7", "Lab 7\Lab 7.vcxproj", "{7670BB68-0E87-411A-94C6-4CE82B434807}"
EndProject
Project("{8BC9CEB8-8B4A-11D0-8D11-00A0C91BC942}") = "Lab 9", "Lab 9\Lab 9.vcxproj", "{6B368B4A-694D-4806-B335-8402775173DF}"
EndProject
Global
	GlobalSection(SolutionConfigurationPlatforms) = preSolution
		Debug|x64 = Debug|x64
		Debug|x86 = Debug|x86
		Release|x64 = Release|x64
		Release|x86 = Release|x86
	EndGlobalSection
	GlobalSection(ProjectConfigurationPlatforms) = postSolution
		{D2BB2E17-4A7E-4549-AD92-2988E7F93264}.Debug|x64.ActiveCfg = Debug|x64
		{D2BB2E17-4A7E-4549-AD92-2988E7F93264}.Debug|x64.Build.0 = Debug|x64
		{D2BB2E17-4A7E-4549-AD92-2988E7F93264}.Debug|x86.ActiveCfg = Debug|Win32
		{D2BB2E17-4A7E-4549-AD92-2988E7F93264}.Debug|x86.Build.0 = Debug|Win32
		{D2BB2E17-4A7E-4549-AD92-2988E7F93264}.Release|x64.ActiveCfg = Release|x64
		{D2BB2E17-4A7E-4549-AD92-2988E7F93264}.Release|x64.Build.0 = Release|x64
		{D2BB2E17-4A7E-4549-AD92-2988E7F93264}.Release|x86.ActiveCfg = Release|Win32
		{D2BB2E17-4A7E-4549-AD92-2988E7F93264}.Release|x86.Build.0 = Release|Win32
		{B6E2BE87-6E59-4C14-A623-1B82244D6603}.Debug|x64.ActiveCfg = Debug|x64
		{B6E2BE87-6E59-4C14-A623-1B82244D6603}.Debug|x64.Build.0 = Debug|x64
		{B6E2BE87-6E59-4C14-A623-1B82244D6603}.Debug|x86.ActiveCfg = Debug|Win32
		{B6E2BE87-6E59-4C14-A623-1B82244D6603}.Debug|x86.Build.0 = Debug|Win32
		{B6E2BE87-6E59-4C14-A623-1B82244D6603}.Release|x64.ActiveCfg = Release|x64
		{B6E2BE87-6E59-4C14-A623-1B82244D6603}.Release|x64.Build.0 = Release|x64
		{B6E2BE87-6E59-4C14-A623-1B82244D6603}.Release|x86.ActiveCfg = Release|Win32
		{B6E2BE87-6E59-4C14-A623-1B82244D6603}.Release|x86.Build.0 = Release|Win32
		{2E712B60-F9D6-41B6-978D-B22D0A484EE8}.Debug|x64.ActiveCfg = Debug|x64
		{2E712B60-F9D6-41B6-978D-B22D0A484EE8}.Debug|x64.Build.0 = Debug|x64
		{2E712B60-F9D6-41B6-978D-B22D0A484EE8}.Debug|x86.ActiveCfg = Debug|Win32
		{2E712B60-F9D6-41B6-978D-B22D0A484EE8}.Debug|x86.Build.0 = Debug|Win32
		{2E712B60-F9D6-41B6-978D-B22D0A484EE8}.Release|x64.ActiveCfg = Release|x64
		{2E712B60-F9D6-41B6-978D-B22D0A484EE8}.Release|x64.Build.0 = Release|x64
		{2E712B60-F9D6-41B6-978D-B22D0A484EE8}.Release|x86.ActiveCfg = Release|Win32
		{2E712B60-F9D6-41B6-978D-B22D0A484EE8}.Release|x86.Build.0 = Release|Win32
		{64271D30-A916-4508-A69C-A1FD1698E005}.Debug|x64.ActiveCfg = Debug|x64
		{64271D30-A916-4508-A69C-A1FD1698E005}.Debug|x64.Build.0 = Debug|x64
		{64271D30-A916-4508-A69C-A1FD1698E005}.Debug|x86.ActiveCfg = Debug|Win32
		{64271D30-A916-4508-A69C-A1FD1698E005}.Debug|x86.Build.0 = Debug|Win32
		{64271D30-A916-4508-A69C-A1FD1698E005}.Release|x64.ActiveCfg = Release|x64
		{64271D30-A916-4508-A69C-A1FD1698E005}.Release|x64.Build.0 = Release|x64
		{64271D30-A916-4508-A69C-A1FD1698E005}.Release|x86.ActiveCfg = Release|Win32
		{64271D30-A916-4508-A69C-A1FD1698E005}.Release|x86.Build.0 = Release|Win32
		{0267E9CC-4AD8-458C-995A-696DDEA78928}.Debug|x64.ActiveCfg = Debug|x64
		{0267E9CC-4AD8-458C-995A-696DDEA78928}.Debug|x64.Build.0 = Debug|x64
		{0267E9CC-4AD8-458C-995A-696DDEA78928}.Debug|x86.ActiveCfg = Debug|Win32
		{0267E9CC-4AD8-458C-995A-696DDEA78928}.Debug|x86.Build.0 = Debug|Win32
		{0267E9CC-4AD8-458C-995A-696DDEA78928}.Release|x64.ActiveCfg = Release|x64
		{0267E9CC-4AD8-458C-995A-696DDEA78928}.Release|x64.Build.0 = Release|x64
		{0267E9CC-4AD8-458C-995A-696DDEA78928}.Release|x86.ActiveCfg = Release|Win32
		{0267E9CC-4AD8-458C-995A-696DDEA78928}.Release|x86.Build.0 = Release|Win32
		{F8E2D55F-0AC3-4A2D-869B-D086BD0194DE}.Debug|x64.ActiveCfg = Debug|x64
		{F8E2D55F-0AC3-4A2D-869B-D086BD0194DE}.Debug|x64.Build.0 = Debug|x64
		{F8E2D55F-0AC3-4A2D-869B-D086BD0194DE}.Debug|x86.ActiveCfg = Debug|Win32
		{F8E2D55F-0AC3-4A2D-869B-D086BD0194DE}.Debug|x86.Build.0 = Debug|Win32
		{F8E2D55F-0AC3-4A2D-869B-D086BD0194DE}.Release|x64.ActiveCfg = Release|x64
		{F8E2D55F-0AC3-4A2D-869B-D086BD0194DE}.Release|x64.Build.0 = Release|x64
		{F8E2D55F-0AC3-4A2D-869B-D086BD0194DE}.Release|x86.ActiveCfg = Release|Win32
		{F8E2D55F-0AC3-4A2D-869B-D086BD0194DE}.Release|x86.Build.0 = Release|Win32
		{91B77D78-C0D0-4431-8386-9DDCFCEADF30}.Debug|x64.ActiveCfg = Debug|x64
		{91B77D78-C0D0-4431-8386-9DDCFCEADF30}.Debug|x64.Build.0 = Debug|x64
		{91B77D78-C0D0-4431-8386-9DDCFCEADF30}.Debug|x86.ActiveCfg = Debug|Win32
		{91B77D78-C0D0-4431-8386-9DDCFCEADF30}.Debug|x86.Build.0 = Debug|Win32
		{91B77D78-C0D0-4431-8386-9DDCFCEADF30}.Release|x64.ActiveCfg = Release|x64
		{91B77D78-C0D0-4431-8386-9DDCFCEADF30}.Release|x64.Build.0 = Release|x64
		{91B77D78-C0D0-4431-8386-9DDCFCEADF30}.Release|x86.ActiveCfg = Release|Win32
		{91B77D78-C0D0-4431-8386-9DDCFCEADF30}.Release|x86.Build.0 = Release|Win32
		{55A6E31C-E7C6-411A-8C1F-A253F31114DA}.Debug|x64.ActiveCfg = Debug|x64
		{55A6E31C-E7C6-411A-8C1F-A253F31114DA}.Debug|x64.Build.0 = Debug|x64
		{55A6E31C-E7C6-411A-8C1F-A253F31114DA}.Debug|x86.ActiveCfg = Debug|Win32
		{55A6E31C-E7C6-411A-8C1F-A253F31114DA}.Debug|x86.Build.0 = Debug|Win32
		{55A6E31C-E7C6-411A-8C1F-A253F31114DA}.Release|x64.ActiveCfg = Release|x64
		{55A6E31C-E7C6-411A-8C1F-A253F31114DA}.Release|x64.Build.0 = Release|x64
		{55A6E31C-E7C6-411A-8C1F-A253F31114DA}.Release|x86.ActiveCfg = Release|Win32
		{55A6E31C-E7C6-411A-8C1F-A253F31114DA}.Release|x86.Build.0 = Release|Win32
		{7670BB68-0E87-411A-94C6-4CE82B434807}.Debug|x64.ActiveCfg = Debug|x64
		{7670BB68-0E87-411A-94C6-4CE82B434807}.Debug|x64.Build.0 = Debug|x64
		{7670BB68-0E87-411A-94C6-4CE82B434807}.Debug|x86.ActiveCfg = Debug|Win32
		{7670BB68-0E87-411A-94C6-4CE82B434807}.Debug|x86.Build.0 = Debug|Win32
		{7670BB68-0E87-411A-94C6-4CE82B434807}.Release|x64.ActiveCfg = Release|x64
		{7670BB68-0E87-411A-94C6-4CE82B434807}.Release|x64.Build.0 = Release|x64
		{7670BB68-0E87-411A-94C6-4CE82B434807}.Release|x86.ActiveCfg = Release|Win32
		{7670BB68-0E87-411A-94C6-4CE82B434807}.Release|x86.Build.0 = Release|Win32
		{6B368B4A-694D-4806-B335-8402775173DF}.Debug|x64.ActiveCfg = Debug|x64
		{6B368B4A-694D-4806-B335-8402775173DF}.Debug|x64.Build.0 = Debug|x64
		{6B368B4A-694D-4806-B335-8402775173DF}.Debug|x86.ActiveCfg = Debug|Win32
		{6B368B4A-694D-4806-B335-8402775173DF}.Debug|x86.Build.0 = Debug|Win32
		{6B368B4A-694D-4806-B335-8402775173DF}.Release|x64.ActiveCfg = Release|x64
		{6B368B4A-694D-4806-B335-8402775173DF}.Release|x64.Build.0 = Release|x64
		{6B368B4A-694D-4806-B335-8402775173DF}.Release|x86.ActiveCfg = Release|Win32
		{6B368B4A-694D-4806-B335-8402775173DF}.Release|x86.Build.0 = Release|Win32
	EndGlobalSection
	GlobalSection(SolutionProperties) = preSolution
		HideSolutionNode = FALSE
	EndGlobalSection
	GlobalSection(ExtensibilityGlobals) = postSolution
		SolutionGuid = {CD42FE58-CB85-4083-B444-FE2FA55E60FB}
	EndGlobalSection
EndGlobal
